# THIS IS AN AUTOGENERATED FILE. DO NOT EDIT THIS FILE DIRECTLY.
# yarn lockfile v1


imba@^1.4.4:
  version "1.4.4"
  resolved "https://registry.yarnpkg.com/imba/-/imba-1.4.4.tgz#9be69e5725cb5a42e14542c35ccc3b048fa334d3"
  integrity sha512-f7oZssuZgAZbN5Lcut3kTXoQJjZdaPsEkO/mOXSGPnHHzLVyn3cQkGfB4mOpCbm5HadUbtK66yqWwnPSg1qsvw==
