# THIS IS AN AUTOGENERATED FILE. DO NOT EDIT THIS FILE DIRECTLY.
# yarn lockfile v1


add-shebang@^0.1.0:
  version "0.1.0"
  resolved "https://registry.yarnpkg.com/add-shebang/-/add-shebang-0.1.0.tgz#179bdd5fd62ed5ee014b4d6b3125470d666888e9"
  integrity sha512-CDyCOkCQzM7T1QtuaK6DJzyoypuqCsYRwg20bwyM4lCTs66PUitG8bBk+6/W0r/pDHBoq3s4Vznkarlgj8i/3w==
  dependencies:
    prepend-file "^1.3.1"

os-tmpdir@~1.0.1:
  version "1.0.2"
  resolved "https://registry.yarnpkg.com/os-tmpdir/-/os-tmpdir-1.0.2.tgz#bbe67406c79aa85c5cfec766fe5734555dfa1274"
  integrity sha1-u+Z0BseaqFxc/sdm/lc0VV36EnQ=

prepend-file@^1.3.1:
  version "1.3.1"
  resolved "https://registry.yarnpkg.com/prepend-file/-/prepend-file-1.3.1.tgz#83b16e0b4ac1901fce88dbd945a22f4cc81df579"
  integrity sha1-g7FuC0rBkB/OiNvZRaIvTMgd9Xk=
  dependencies:
    tmp "0.0.31"

titlecase-imba@^0.2.0:
  version "0.2.0"
  resolved "https://registry.yarnpkg.com/titlecase-imba/-/titlecase-imba-0.2.0.tgz#2766ef9b4cf0a7e35e0092b6448036fa4a08420a"
  integrity sha512-zmmFRqqnGDOsa0S5vNSFMFWoBrUdYxNv1ygyMvzl2duISe1NdKlh+f0dGko8UHGr2elL53jT3gQYdYNuPI7rHA==

tmp@0.0.31:
  version "0.0.31"
  resolved "https://registry.yarnpkg.com/tmp/-/tmp-0.0.31.tgz#8f38ab9438e17315e5dbd8b3657e8bfb277ae4a7"
  integrity sha1-jzirlDjhcxXl29izZX6L+yd65Kc=
  dependencies:
    os-tmpdir "~1.0.1"
